// !$*UTF8*$!
{
	archiveVersion = 1;
	classes = {
	};
	objectVersion = 50;
	objects = {

/* Begin PBXBuildFile section */
		0E0B23BA26D21AE400647CD0 /* Landmark.swift in Sources */ = {isa = PBXBuildFile; fileRef = 0E0B23B926D21AE400647CD0 /* Landmark.swift */; };
		0E0B23BC26D21BDA00647CD0 /* landmarkData.json in Resources */ = {isa = PBXBuildFile; fileRef = 0E0B23BB26D21BDA00647CD0 /* landmarkData.json */; };
		0E0B23BE26D236D800647CD0 /* ModelData.swift in Sources */ = {isa = PBXBuildFile; fileRef = 0E0B23BD26D236D800647CD0 /* ModelData.swift */; };
		0E38280026CD257E007DDEA6 /* startupApp.swift in Sources */ = {isa = PBXBuildFile; fileRef = 0E3827FF26CD257E007DDEA6 /* startupApp.swift */; };
		0E38280226CD257E007DDEA6 /* ContentView.swift in Sources */ = {isa = PBXBuildFile; fileRef = 0E38280126CD257E007DDEA6 /* ContentView.swift */; };
		0E38280426CD257F007DDEA6 /* Assets.xcassets in Resources */ = {isa = PBXBuildFile; fileRef = 0E38280326CD257F007DDEA6 /* Assets.xcassets */; };
		0E38280726CD257F007DDEA6 /* Preview Assets.xcassets in Resources */ = {isa = PBXBuildFile; fileRef = 0E38280626CD257F007DDEA6 /* Preview Assets.xcassets */; };
		0E38281226CD257F007DDEA6 /* startupTests.swift in Sources */ = {isa = PBXBuildFile; fileRef = 0E38281126CD257F007DDEA6 /* startupTests.swift */; };
		0E38281D26CD257F007DDEA6 /* startupUITests.swift in Sources */ = {isa = PBXBuildFile; fileRef = 0E38281C26CD257F007DDEA6 /* startupUITests.swift */; };
		0E38282B26CD35BE007DDEA6 /* CircleImage.swift in Sources */ = {isa = PBXBuildFile; fileRef = 0E38282A26CD35BE007DDEA6 /* CircleImage.swift */; };
		0E38282D26CD3715007DDEA6 /* MapView.swift in Sources */ = {isa = PBXBuildFile; fileRef = 0E38282C26CD3715007DDEA6 /* MapView.swift */; };
/* End PBXBuildFile section */

/* Begin PBXContainerItemProxy section */
		0E38280E26CD257F007DDEA6 /* PBXContainerItemProxy */ = {
			isa = PBXContainerItemProxy;
			containerPortal = 0E3827F426CD257E007DDEA6 /* Project object */;
			proxyType = 1;
			remoteGlobalIDString = 0E3827FB26CD257E007DDEA6;
			remoteInfo = startup;
		};
		0E38281926CD257F007DDEA6 /* PBXContainerItemProxy */ = {
			isa = PBXContainerItemProxy;
			containerPortal = 0E3827F426CD257E007DDEA6 /* Project object */;
			proxyType = 1;
			remoteGlobalIDString = 0E3827FB26CD257E007DDEA6;
			remoteInfo = startup;
		};
/* End PBXContainerItemProxy section */

/* Begin PBXFileReference section */
		0E0B23B926D21AE400647CD0 /* Landmark.swift */ = {isa = PBXFileReference; lastKnownFileType = sourcecode.swift; path = Landmark.swift; sourceTree = "<group>"; };
		0E0B23BB26D21BDA00647CD0 /* landmarkData.json */ = {isa = PBXFileReference; fileEncoding = 4; lastKnownFileType = text.json; path = landmarkData.json; sourceTree = "<group>"; };
		0E0B23BD26D236D800647CD0 /* ModelData.swift */ = {isa = PBXFileReference; lastKnownFileType = sourcecode.swift; path = ModelData.swift; sourceTree = "<group>"; };
		0E3827FC26CD257E007DDEA6 /* startup.app */ = {isa = PBXFileReference; explicitFileType = wrapper.application; includeInIndex = 0; path = startup.app; sourceTree = BUILT_PRODUCTS_DIR; };
		0E3827FF26CD257E007DDEA6 /* startupApp.swift */ = {isa = PBXFileReference; lastKnownFileType = sourcecode.swift; path = startupApp.swift; sourceTree = "<group>"; };
		0E38280126CD257E007DDEA6 /* ContentView.swift */ = {isa = PBXFileReference; lastKnownFileType = sourcecode.swift; path = ContentView.swift; sourceTree = "<group>"; };
		0E38280326CD257F007DDEA6 /* Assets.xcassets */ = {isa = PBXFileReference; lastKnownFileType = folder.assetcatalog; path = Assets.xcassets; sourceTree = "<group>"; };
		0E38280626CD257F007DDEA6 /* Preview Assets.xcassets */ = {isa = PBXFileReference; lastKnownFileType = folder.assetcatalog; path = "Preview Assets.xcassets"; sourceTree = "<group>"; };
		0E38280826CD257F007DDEA6 /* Info.plist */ = {isa = PBXFileReference; lastKnownFileType = text.plist.xml; path = Info.plist; sourceTree = "<group>"; };
		0E38280D26CD257F007DDEA6 /* startupTests.xctest */ = {isa = PBXFileReference; explicitFileType = wrapper.cfbundle; includeInIndex = 0; path = startupTests.xctest; sourceTree = BUILT_PRODUCTS_DIR; };
		0E38281126CD257F007DDEA6 /* startupTests.swift */ = {isa = PBXFileReference; lastKnownFileType = sourcecode.swift; path = startupTests.swift; sourceTree = "<group>"; };
		0E38281326CD257F007DDEA6 /* Info.plist */ = {isa = PBXFileReference; lastKnownFileType = text.plist.xml; path = Info.plist; sourceTree = "<group>"; };
		0E38281826CD257F007DDEA6 /* startupUITests.xctest */ = {isa = PBXFileReference; explicitFileType = wrapper.cfbundle; includeInIndex = 0; path = startupUITests.xctest; sourceTree = BUILT_PRODUCTS_DIR; };
		0E38281C26CD257F007DDEA6 /* startupUITests.swift */ = {isa = PBXFileReference; lastKnownFileType = sourcecode.swift; path = startupUITests.swift; sourceTree = "<group>"; };
		0E38281E26CD257F007DDEA6 /* Info.plist */ = {isa = PBXFileReference; lastKnownFileType = text.plist.xml; path = Info.plist; sourceTree = "<group>"; };
		0E38282A26CD35BE007DDEA6 /* CircleImage.swift */ = {isa = PBXFileReference; lastKnownFileType = sourcecode.swift; path = CircleImage.swift; sourceTree = "<group>"; };
		0E38282C26CD3715007DDEA6 /* MapView.swift */ = {isa = PBXFileReference; lastKnownFileType = sourcecode.swift; path = MapView.swift; sourceTree = "<group>"; };
/* End PBXFileReference section */

/* Begin PBXFrameworksBuildPhase section */
		0E3827F926CD257E007DDEA6 /* Frameworks */ = {
			isa = PBXFrameworksBuildPhase;
			buildActionMask = 2147483647;
			files = (
			);
			runOnlyForDeploymentPostprocessing = 0;
		};
		0E38280A26CD257F007DDEA6 /* Frameworks */ = {
			isa = PBXFrameworksBuildPhase;
			buildActionMask = 2147483647;
			files = (
			);
			runOnlyForDeploymentPostprocessing = 0;
		};
		0E38281526CD257F007DDEA6 /* Frameworks */ = {
			isa = PBXFrameworksBuildPhase;
			buildActionMask = 2147483647;
			files = (
			);
			runOnlyForDeploymentPostprocessing = 0;
		};
/* End PBXFrameworksBuildPhase section */

/* Begin PBXGroup section */
		0E0B23BF26D4C78900647CD0 /* Views */ = {
			isa = PBXGroup;
			children = (
				0E38280126CD257E007DDEA6 /* ContentView.swift */,
				0E38282A26CD35BE007DDEA6 /* CircleImage.swift */,
				0E38282C26CD3715007DDEA6 /* MapView.swift */,
			);
			path = Views;
			sourceTree = "<group>";
		};
		0E0B23C026D4C7A400647CD0 /* Model */ = {
			isa = PBXGroup;
			children = (
				0E0B23BD26D236D800647CD0 /* ModelData.swift */,
				0E0B23B926D21AE400647CD0 /* Landmark.swift */,
			);
			path = Model;
			sourceTree = "<group>";
		};
		0E0B23C126D4C7D000647CD0 /* Resources */ = {
			isa = PBXGroup;
			children = (
				0E0B23BB26D21BDA00647CD0 /* landmarkData.json */,
			);
			path = Resources;
			sourceTree = "<group>";
		};
		0E3827F326CD257E007DDEA6 = {
			isa = PBXGroup;
			children = (
				0E3827FE26CD257E007DDEA6 /* startup */,
				0E38281026CD257F007DDEA6 /* startupTests */,
				0E38281B26CD257F007DDEA6 /* startupUITests */,
				0E3827FD26CD257E007DDEA6 /* Products */,
			);
			sourceTree = "<group>";
		};
		0E3827FD26CD257E007DDEA6 /* Products */ = {
			isa = PBXGroup;
			children = (
				0E3827FC26CD257E007DDEA6 /* startup.app */,
				0E38280D26CD257F007DDEA6 /* startupTests.xctest */,
				0E38281826CD257F007DDEA6 /* startupUITests.xctest */,
			);
			name = Products;
			sourceTree = "<group>";
		};
		0E3827FE26CD257E007DDEA6 /* startup */ = {
			isa = PBXGroup;
			children = (
				0E3827FF26CD257E007DDEA6 /* startupApp.swift */,
				0E0B23C026D4C7A400647CD0 /* Model */,
				0E0B23BF26D4C78900647CD0 /* Views */,
				0E0B23C126D4C7D000647CD0 /* Resources */,
				0E38280326CD257F007DDEA6 /* Assets.xcassets */,
				0E38280826CD257F007DDEA6 /* Info.plist */,
				0E38280526CD257F007DDEA6 /* Preview Content */,
			);
			path = startup;
			sourceTree = "<group>";
		};
		0E38280526CD257F007DDEA6 /* Preview Content */ = {
			isa = PBXGroup;
			children = (
				0E38280626CD257F007DDEA6 /* Preview Assets.xcassets */,
			);
			path = "Preview Content";
			sourceTree = "<group>";
		};
		0E38281026CD257F007DDEA6 /* startupTests */ = {
			isa = PBXGroup;
			children = (
				0E38281126CD257F007DDEA6 /* startupTests.swift */,
				0E38281326CD257F007DDEA6 /* Info.plist */,
			);
			path = startupTests;
			sourceTree = "<group>";
		};
		0E38281B26CD257F007DDEA6 /* startupUITests */ = {
			isa = PBXGroup;
			children = (
				0E38281C26CD257F007DDEA6 /* startupUITests.swift */,
				0E38281E26CD257F007DDEA6 /* Info.plist */,
			);
			path = startupUITests;
			sourceTree = "<group>";
		};
/* End PBXGroup section */

/* Begin PBXNativeTarget section */
		0E3827FB26CD257E007DDEA6 /* startup */ = {
			isa = PBXNativeTarget;
			buildConfigurationList = 0E38282126CD257F007DDEA6 /* Build configuration list for PBXNativeTarget "startup" */;
			buildPhases = (
				0E3827F826CD257E007DDEA6 /* Sources */,
				0E3827F926CD257E007DDEA6 /* Frameworks */,
				0E3827FA26CD257E007DDEA6 /* Resources */,
			);
			buildRules = (
			);
			dependencies = (
			);
			name = startup;
			productName = startup;
			productReference = 0E3827FC26CD257E007DDEA6 /* startup.app */;
			productType = "com.apple.product-type.application";
		};
		0E38280C26CD257F007DDEA6 /* startupTests */ = {
			isa = PBXNativeTarget;
			buildConfigurationList = 0E38282426CD257F007DDEA6 /* Build configuration list for PBXNativeTarget "startupTests" */;
			buildPhases = (
				0E38280926CD257F007DDEA6 /* Sources */,
				0E38280A26CD257F007DDEA6 /* Frameworks */,
				0E38280B26CD257F007DDEA6 /* Resources */,
			);
			buildRules = (
			);
			dependencies = (
				0E38280F26CD257F007DDEA6 /* PBXTargetDependency */,
			);
			name = startupTests;
			productName = startupTests;
			productReference = 0E38280D26CD257F007DDEA6 /* startupTests.xctest */;
			productType = "com.apple.product-type.bundle.unit-test";
		};
		0E38281726CD257F007DDEA6 /* startupUITests */ = {
			isa = PBXNativeTarget;
			buildConfigurationList = 0E38282726CD257F007DDEA6 /* Build configuration list for PBXNativeTarget "startupUITests" */;
			buildPhases = (
				0E38281426CD257F007DDEA6 /* Sources */,
				0E38281526CD257F007DDEA6 /* Frameworks */,
				0E38281626CD257F007DDEA6 /* Resources */,
			);
			buildRules = (
			);
			dependencies = (
				0E38281A26CD257F007DDEA6 /* PBXTargetDependency */,
			);
			name = startupUITests;
			productName = startupUITests;
			productReference = 0E38281826CD257F007DDEA6 /* startupUITests.xctest */;
			productType = "com.apple.product-type.bundle.ui-testing";
		};
/* End PBXNativeTarget section */

/* Begin PBXProject section */
		0E3827F426CD257E007DDEA6 /* Project object */ = {
			isa = PBXProject;
			attributes = {
				LastSwiftUpdateCheck = 1250;
				LastUpgradeCheck = 1250;
				TargetAttributes = {
					0E3827FB26CD257E007DDEA6 = {
						CreatedOnToolsVersion = 12.5.1;
					};
					0E38280C26CD257F007DDEA6 = {
						CreatedOnToolsVersion = 12.5.1;
						TestTargetID = 0E3827FB26CD257E007DDEA6;
					};
					0E38281726CD257F007DDEA6 = {
						CreatedOnToolsVersion = 12.5.1;
						TestTargetID = 0E3827FB26CD257E007DDEA6;
					};
				};
			};
			buildConfigurationList = 0E3827F726CD257E007DDEA6 /* Build configuration list for PBXProject "startup" */;
			compatibilityVersion = "Xcode 9.3";
			developmentRegion = en;
			hasScannedForEncodings = 0;
			knownRegions = (
				en,
				Base,
			);
			mainGroup = 0E3827F326CD257E007DDEA6;
			productRefGroup = 0E3827FD26CD257E007DDEA6 /* Products */;
			projectDirPath = "";
			projectRoot = "";
			targets = (
				0E3827FB26CD257E007DDEA6 /* startup */,
				0E38280C26CD257F007DDEA6 /* startupTests */,
				0E38281726CD257F007DDEA6 /* startupUITests */,
			);
		};
/* End PBXProject section */

/* Begin PBXResourcesBuildPhase section */
		0E3827FA26CD257E007DDEA6 /* Resources */ = {
			isa = PBXResourcesBuildPhase;
			buildActionMask = 2147483647;
			files = (
				0E38280726CD257F007DDEA6 /* Preview Assets.xcassets in Resources */,
				0E38280426CD257F007DDEA6 /* Assets.xcassets in Resources */,
				0E0B23BC26D21BDA00647CD0 /* landmarkData.json in Resources */,
			);
			runOnlyForDeploymentPostprocessing = 0;
		};
		0E38280B26CD257F007DDEA6 /* Resources */ = {
			isa = PBXResourcesBuildPhase;
			buildActionMask = 2147483647;
			files = (
			);
			runOnlyForDeploymentPostprocessing = 0;
		};
		0E38281626CD257F007DDEA6 /* Resources */ = {
			isa = PBXResourcesBuildPhase;
			buildActionMask = 2147483647;
			files = (
			);
			runOnlyForDeploymentPostprocessing = 0;
		};
/* End PBXResourcesBuildPhase section */

/* Begin PBXSourcesBuildPhase section */
		0E3827F826CD257E007DDEA6 /* Sources */ = {
			isa = PBXSourcesBuildPhase;
			buildActionMask = 2147483647;
			files = (
				0E38280226CD257E007DDEA6 /* ContentView.swift in Sources */,
				0E38282D26CD3715007DDEA6 /* MapView.swift in Sources */,
				0E38280026CD257E007DDEA6 /* startupApp.swift in Sources */,
				0E38282B26CD35BE007DDEA6 /* CircleImage.swift in Sources */,
				0E0B23BA26D21AE400647CD0 /* Landmark.swift in Sources */,
				0E0B23BE26D236D800647CD0 /* ModelData.swift in Sources */,
			);
			runOnlyForDeploymentPostprocessing = 0;
		};
		0E38280926CD257F007DDEA6 /* Sources */ = {
			isa = PBXSourcesBuildPhase;
			buildActionMask = 2147483647;
			files = (
				0E38281226CD257F007DDEA6 /* startupTests.swift in Sources */,
			);
			runOnlyForDeploymentPostprocessing = 0;
		};
		0E38281426CD257F007DDEA6 /* Sources */ = {
			isa = PBXSourcesBuildPhase;
			buildActionMask = 2147483647;
			files = (
				0E38281D26CD257F007DDEA6 /* startupUITests.swift in Sources */,
			);
			runOnlyForDeploymentPostprocessing = 0;
		};
/* End PBXSourcesBuildPhase section */

/* Begin PBXTargetDependency section */
		0E38280F26CD257F007DDEA6 /* PBXTargetDependency */ = {
			isa = PBXTargetDependency;
			target = 0E3827FB26CD257E007DDEA6 /* startup */;
			targetProxy = 0E38280E26CD257F007DDEA6 /* PBXContainerItemProxy */;
		};
		0E38281A26CD257F007DDEA6 /* PBXTargetDependency */ = {
			isa = PBXTargetDependency;
			target = 0E3827FB26CD257E007DDEA6 /* startup */;
			targetProxy = 0E38281926CD257F007DDEA6 /* PBXContainerItemProxy */;
		};
/* End PBXTargetDependency section */

/* Begin XCBuildConfiguration section */
		0E38281F26CD257F007DDEA6 /* Debug */ = {
			isa = XCBuildConfiguration;
			buildSettings = {
				ALWAYS_SEARCH_USER_PATHS = NO;
				CLANG_ANALYZER_NONNULL = YES;
				CLANG_ANALYZER_NUMBER_OBJECT_CONVERSION = YES_AGGRESSIVE;
				CLANG_CXX_LANGUAGE_STANDARD = "gnu++14";
				CLANG_CXX_LIBRARY = "libc++";
				CLANG_ENABLE_MODULES = YES;
				CLANG_ENABLE_OBJC_ARC = YES;
				CLANG_ENABLE_OBJC_WEAK = YES;
				CLANG_WARN_BLOCK_CAPTURE_AUTORELEASING = YES;
				CLANG_WARN_BOOL_CONVERSION = YES;
				CLANG_WARN_COMMA = YES;
				CLANG_WARN_CONSTANT_CONVERSION = YES;
				CLANG_WARN_DEPRECATED_OBJC_IMPLEMENTATIONS = YES;
				CLANG_WARN_DIRECT_OBJC_ISA_USAGE = YES_ERROR;
				CLANG_WARN_DOCUMENTATION_COMMENTS = YES;
				CLANG_WARN_EMPTY_BODY = YES;
				CLANG_WARN_ENUM_CONVERSION = YES;
				CLANG_WARN_INFINITE_RECURSION = YES;
				CLANG_WARN_INT_CONVERSION = YES;
				CLANG_WARN_NON_LITERAL_NULL_CONVERSION = YES;
				CLANG_WARN_OBJC_IMPLICIT_RETAIN_SELF = YES;
				CLANG_WARN_OBJC_LITERAL_CONVERSION = YES;
				CLANG_WARN_OBJC_ROOT_CLASS = YES_ERROR;
				CLANG_WARN_QUOTED_INCLUDE_IN_FRAMEWORK_HEADER = YES;
				CLANG_WARN_RANGE_LOOP_ANALYSIS = YES;
				CLANG_WARN_STRICT_PROTOTYPES = YES;
				CLANG_WARN_SUSPICIOUS_MOVE = YES;
				CLANG_WARN_UNGUARDED_AVAILABILITY = YES_AGGRESSIVE;
				CLANG_WARN_UNREACHABLE_CODE = YES;
				CLANG_WARN__DUPLICATE_METHOD_MATCH = YES;
				COPY_PHASE_STRIP = NO;
				DEBUG_INFORMATION_FORMAT = dwarf;
				ENABLE_STRICT_OBJC_MSGSEND = YES;
				ENABLE_TESTABILITY = YES;
				GCC_C_LANGUAGE_STANDARD = gnu11;
				GCC_DYNAMIC_NO_PIC = NO;
				GCC_NO_COMMON_BLOCKS = YES;
				GCC_OPTIMIZATION_LEVEL = 0;
				GCC_PREPROCESSOR_DEFINITIONS = (
					"DEBUG=1",
					"$(inherited)",
				);
				GCC_WARN_64_TO_32_BIT_CONVERSION = YES;
				GCC_WARN_ABOUT_RETURN_TYPE = YES_ERROR;
				GCC_WARN_UNDECLARED_SELECTOR = YES;
				GCC_WARN_UNINITIALIZED_AUTOS = YES_AGGRESSIVE;
				GCC_WARN_UNUSED_FUNCTION = YES;
				GCC_WARN_UNUSED_VARIABLE = YES;
				IPHONEOS_DEPLOYMENT_TARGET = 14.5;
				MTL_ENABLE_DEBUG_INFO = INCLUDE_SOURCE;
				MTL_FAST_MATH = YES;
				ONLY_ACTIVE_ARCH = YES;
				SDKROOT = iphoneos;
				SWIFT_ACTIVE_COMPILATION_CONDITIONS = DEBUG;
				SWIFT_OPTIMIZATION_LEVEL = "-Onone";
			};
			name = Debug;
		};
		0E38282026CD257F007DDEA6 /* Release */ = {
			isa = XCBuildConfiguration;
			buildSettings = {
				ALWAYS_SEARCH_USER_PATHS = NO;
				CLANG_ANALYZER_NONNULL = YES;
				CLANG_ANALYZER_NUMBER_OBJECT_CONVERSION = YES_AGGRESSIVE;
				CLANG_CXX_LANGUAGE_STANDARD = "gnu++14";
				CLANG_CXX_LIBRARY = "libc++";
				CLANG_ENABLE_MODULES = YES;
				CLANG_ENABLE_OBJC_ARC = YES;
				CLANG_ENABLE_OBJC_WEAK = YES;
				CLANG_WARN_BLOCK_CAPTURE_AUTORELEASING = YES;
				CLANG_WARN_BOOL_CONVERSION = YES;
				CLANG_WARN_COMMA = YES;
				CLANG_WARN_CONSTANT_CONVERSION = YES;
				CLANG_WARN_DEPRECATED_OBJC_IMPLEMENTATIONS = YES;
				CLANG_WARN_DIRECT_OBJC_ISA_USAGE = YES_ERROR;
				CLANG_WARN_DOCUMENTATION_COMMENTS = YES;
				CLANG_WARN_EMPTY_BODY = YES;
				CLANG_WARN_ENUM_CONVERSION = YES;
				CLANG_WARN_INFINITE_RECURSION = YES;
				CLANG_WARN_INT_CONVERSION = YES;
				CLANG_WARN_NON_LITERAL_NULL_CONVERSION = YES;
				CLANG_WARN_OBJC_IMPLICIT_RETAIN_SELF = YES;
				CLANG_WARN_OBJC_LITERAL_CONVERSION = YES;
				CLANG_WARN_OBJC_ROOT_CLASS = YES_ERROR;
				CLANG_WARN_QUOTED_INCLUDE_IN_FRAMEWORK_HEADER = YES;
				CLANG_WARN_RANGE_LOOP_ANALYSIS = YES;
				CLANG_WARN_STRICT_PROTOTYPES = YES;
				CLANG_WARN_SUSPICIOUS_MOVE = YES;
				CLANG_WARN_UNGUARDED_AVAILABILITY = YES_AGGRESSIVE;
				CLANG_WARN_UNREACHABLE_CODE = YES;
				CLANG_WARN__DUPLICATE_METHOD_MATCH = YES;
				COPY_PHASE_STRIP = NO;
				DEBUG_INFORMATION_FORMAT = "dwarf-with-dsym";
				ENABLE_NS_ASSERTIONS = NO;
				ENABLE_STRICT_OBJC_MSGSEND = YES;
				GCC_C_LANGUAGE_STANDARD = gnu11;
				GCC_NO_COMMON_BLOCKS = YES;
				GCC_WARN_64_TO_32_BIT_CONVERSION = YES;
				GCC_WARN_ABOUT_RETURN_TYPE = YES_ERROR;
				GCC_WARN_UNDECLARED_SELECTOR = YES;
				GCC_WARN_UNINITIALIZED_AUTOS = YES_AGGRESSIVE;
				GCC_WARN_UNUSED_FUNCTION = YES;
				GCC_WARN_UNUSED_VARIABLE = YES;
				IPHONEOS_DEPLOYMENT_TARGET = 14.5;
				MTL_ENABLE_DEBUG_INFO = NO;
				MTL_FAST_MATH = YES;
				SDKROOT = iphoneos;
				SWIFT_COMPILATION_MODE = wholemodule;
				SWIFT_OPTIMIZATION_LEVEL = "-O";
				VALIDATE_PRODUCT = YES;
			};
			name = Release;
		};
		0E38282226CD257F007DDEA6 /* Debug */ = {
			isa = XCBuildConfiguration;
			buildSettings = {
				ASSETCATALOG_COMPILER_APPICON_NAME = AppIcon;
				ASSETCATALOG_COMPILER_GLOBAL_ACCENT_COLOR_NAME = AccentColor;
				CODE_SIGN_STYLE = Automatic;
				DEVELOPMENT_ASSET_PATHS = "\"startup/Preview Content\"";
				DEVELOPMENT_TEAM = 76G6PC4RT2;
				ENABLE_PREVIEWS = YES;
				INFOPLIST_FILE = startup/Info.plist;
				IPHONEOS_DEPLOYMENT_TARGET = 14.0;
				LD_RUNPATH_SEARCH_PATHS = (
					"$(inherited)",
					"@executable_path/Frameworks",
				);
				PRODUCT_BUNDLE_IDENTIFIER = "Kai-Moriuchi.startup";
				PRODUCT_NAME = "$(TARGET_NAME)";
				SWIFT_VERSION = 5.0;
				TARGETED_DEVICE_FAMILY = "1,2";
			};
			name = Debug;
		};
		0E38282326CD257F007DDEA6 /* Release */ = {
			isa = XCBuildConfiguration;
			buildSettings = {
				ASSETCATALOG_COMPILER_APPICON_NAME = AppIcon;
				ASSETCATALOG_COMPILER_GLOBAL_ACCENT_COLOR_NAME = AccentColor;
				CODE_SIGN_STYLE = Automatic;
				DEVELOPMENT_ASSET_PATHS = "\"startup/Preview Content\"";
				DEVELOPMENT_TEAM = 76G6PC4RT2;
				ENABLE_PREVIEWS = YES;
				INFOPLIST_FILE = startup/Info.plist;
				IPHONEOS_DEPLOYMENT_TARGET = 14.0;
				LD_RUNPATH_SEARCH_PATHS = (
					"$(inherited)",
					"@executable_path/Frameworks",
				);
				PRODUCT_BUNDLE_IDENTIFIER = "Kai-Moriuchi.startup";
				PRODUCT_NAME = "$(TARGET_NAME)";
				SWIFT_VERSION = 5.0;
				TARGETED_DEVICE_FAMILY = "1,2";
			};
			name = Release;
		};
		0E38282526CD257F007DDEA6 /* Debug */ = {
			isa = XCBuildConfiguration;
			buildSettings = {
				ALWAYS_EMBED_SWIFT_STANDARD_LIBRARIES = YES;
				BUNDLE_LOADER = "$(TEST_HOST)";
				CODE_SIGN_STYLE = Automatic;
				DEVELOPMENT_TEAM = 76G6PC4RT2;
				INFOPLIST_FILE = startupTests/Info.plist;
				IPHONEOS_DEPLOYMENT_TARGET = 14.0;
				LD_RUNPATH_SEARCH_PATHS = (
					"$(inherited)",
					"@executable_path/Frameworks",
					"@loader_path/Frameworks",
				);
				PRODUCT_BUNDLE_IDENTIFIER = "Kai-Moriuchi.startupTests";
				PRODUCT_NAME = "$(TARGET_NAME)";
				SWIFT_VERSION = 5.0;
				TARGETED_DEVICE_FAMILY = "1,2";
				TEST_HOST = "$(BUILT_PRODUCTS_DIR)/startup.app/startup";
			};
			name = Debug;
		};
		0E38282626CD257F007DDEA6 /* Release */ = {
			isa = XCBuildConfiguration;
			buildSettings = {
				ALWAYS_EMBED_SWIFT_STANDARD_LIBRARIES = YES;
				BUNDLE_LOADER = "$(TEST_HOST)";
				CODE_SIGN_STYLE = Automatic;
				DEVELOPMENT_TEAM = 76G6PC4RT2;
				INFOPLIST_FILE = startupTests/Info.plist;
				IPHONEOS_DEPLOYMENT_TARGET = 14.0;
				LD_RUNPATH_SEARCH_PATHS = (
					"$(inherited)",
					"@executable_path/Frameworks",
					"@loader_path/Frameworks",
				);
				PRODUCT_BUNDLE_IDENTIFIER = "Kai-Moriuchi.startupTests";
				PRODUCT_NAME = "$(TARGET_NAME)";
				SWIFT_VERSION = 5.0;
				TARGETED_DEVICE_FAMILY = "1,2";
				TEST_HOST = "$(BUILT_PRODUCTS_DIR)/startup.app/startup";
			};
			name = Release;
		};
		0E38282826CD257F007DDEA6 /* Debug */ = {
			isa = XCBuildConfiguration;
			buildSettings = {
				ALWAYS_EMBED_SWIFT_STANDARD_LIBRARIES = YES;
				CODE_SIGN_STYLE = Automatic;
				DEVELOPMENT_TEAM = 76G6PC4RT2;
				INFOPLIST_FILE = startupUITests/Info.plist;
				LD_RUNPATH_SEARCH_PATHS = (
					"$(inherited)",
					"@executable_path/Frameworks",
					"@loader_path/Frameworks",
				);
				PRODUCT_BUNDLE_IDENTIFIER = "Kai-Moriuchi.startupUITests";
				PRODUCT_NAME = "$(TARGET_NAME)";
				SWIFT_VERSION = 5.0;
				TARGETED_DEVICE_FAMILY = "1,2";
				TEST_TARGET_NAME = startup;
			};
			name = Debug;
		};
		0E38282926CD257F007DDEA6 /* Release */ = {
			isa = XCBuildConfiguration;
			buildSettings = {
				ALWAYS_EMBED_SWIFT_STANDARD_LIBRARIES = YES;
				CODE_SIGN_STYLE = Automatic;
				DEVELOPMENT_TEAM = 76G6PC4RT2;
				INFOPLIST_FILE = startupUITests/Info.plist;
				LD_RUNPATH_SEARCH_PATHS = (
					"$(inherited)",
					"@executable_path/Frameworks",
					"@loader_path/Frameworks",
				);
				PRODUCT_BUNDLE_IDENTIFIER = "Kai-Moriuchi.startupUITests";
				PRODUCT_NAME = "$(TARGET_NAME)";
				SWIFT_VERSION = 5.0;
				TARGETED_DEVICE_FAMILY = "1,2";
				TEST_TARGET_NAME = startup;
			};
			name = Release;
		};
/* End XCBuildConfiguration section */

/* Begin XCConfigurationList section */
		0E3827F726CD257E007DDEA6 /* Build configuration list for PBXProject "startup" */ = {
			isa = XCConfigurationList;
			buildConfigurations = (
				0E38281F26CD257F007DDEA6 /* Debug */,
				0E38282026CD257F007DDEA6 /* Release */,
			);
			defaultConfigurationIsVisible = 0;
			defaultConfigurationName = Release;
		};
		0E38282126CD257F007DDEA6 /* Build configuration list for PBXNativeTarget "startup" */ = {
			isa = XCConfigurationList;
			buildConfigurations = (
				0E38282226CD257F007DDEA6 /* Debug */,
				0E38282326CD257F007DDEA6 /* Release */,
			);
			defaultConfigurationIsVisible = 0;
			defaultConfigurationName = Release;
		};
		0E38282426CD257F007DDEA6 /* Build configuration list for PBXNativeTarget "startupTests" */ = {
			isa = XCConfigurationList;
			buildConfigurations = (
				0E38282526CD257F007DDEA6 /* Debug */,
				0E38282626CD257F007DDEA6 /* Release */,
			);
			defaultConfigurationIsVisible = 0;
			defaultConfigurationName = Release;
		};
		0E38282726CD257F007DDEA6 /* Build configuration list for PBXNativeTarget "startupUITests" */ = {
			isa = XCConfigurationList;
			buildConfigurations = (
				0E38282826CD257F007DDEA6 /* Debug */,
				0E38282926CD257F007DDEA6 /* Release */,
			);
			defaultConfigurationIsVisible = 0;
			defaultConfigurationName = Release;
		};
/* End XCConfigurationList section */
	};
	rootObject = 0E3827F426CD257E007DDEA6 /* Project object */;
}
